{
  "nodes": {
    "android": {
      "inputs": {
        "devshell": "devshell",
        "flake-utils": "flake-utils",
        "nixpkgs": "nixpkgs"
      },
      "locked": {
        "lastModified": 1746390018,
        "narHash": "sha256-8aoMkY5J2VEjEMAhfiyYV85Y6Umy/+j78yyroq9CGiw=",
        "owner": "tadfisher",
        "repo": "android-nixpkgs",
        "rev": "2014f9e66413b101bb2c6d5d32a246abd4b0e4f1",
        "type": "github"
      },
      "original": {
        "owner": "tadfisher",
        "repo": "android-nixpkgs",
        "type": "github"
      }
    },
    "backend-rust": {
      "inputs": {
        "crane": "crane",
        "fenix": "fenix",
        "nixpkgs": "nixpkgs_3"
      },
      "locked": {
        "lastModified": 1746537141,
        "narHash": "sha256-ci8Dxe+ah7zebDMmx6qgy4svlRi3twK1uSSh5x3t+YE=",
        "ref": "refs/heads/master",
        "rev": "94ca87c3cfd3f55830a9912b11dba739cd9c1a70",
        "revCount": 28,
        "type": "git",
        "url": "https://git.ins.jku.at/proj/digidow/tor-chat-rust-library.git"
      },
      "original": {
        "type": "git",
        "url": "https://git.ins.jku.at/proj/digidow/tor-chat-rust-library.git"
      }
    },
    "crane": {
      "locked": {
        "lastModified": 1746291859,
        "narHash": "sha256-DdWJLA+D5tcmrRSg5Y7tp/qWaD05ATI4Z7h22gd1h7Q=",
        "owner": "ipetkov",
        "repo": "crane",
        "rev": "dfd9a8dfd09db9aad544c4d3b6c47b12562544a5",
        "type": "github"
      },
      "original": {
        "owner": "ipetkov",
        "repo": "crane",
        "type": "github"
      }
    },
    "devshell": {
      "inputs": {
        "nixpkgs": [
          "android",
          "nixpkgs"
        ]
      },
      "locked": {
        "lastModified": 1741473158,
        "narHash": "sha256-kWNaq6wQUbUMlPgw8Y+9/9wP0F8SHkjy24/mN3UAppg=",
        "owner": "numtide",
        "repo": "devshell",
        "rev": "7c9e793ebe66bcba8292989a68c0419b737a22a0",
        "type": "github"
      },
      "original": {
        "owner": "numtide",
        "repo": "devshell",
        "type": "github"
      }
    },
    "fenix": {
      "inputs": {
        "nixpkgs": "nixpkgs_2",
        "rust-analyzer-src": "rust-analyzer-src"
      },
      "locked": {
        "lastModified": 1746427067,
        "narHash": "sha256-MlBKT0A2nK8LHDkeg3jrG2wo80C1bSGyT2tmKrc6pM0=",
        "owner": "nix-community",
        "repo": "fenix",
        "rev": "9e7d648c1f8fdf7beb9b0b1abb3a41d0d8b5fb05",
        "type": "github"
      },
      "original": {
        "owner": "nix-community",
        "repo": "fenix",
        "type": "github"
      }
    },
    "flake-utils": {
      "inputs": {
        "systems": "systems"
      },
      "locked": {
        "lastModified": 1731533236,
        "narHash": "sha256-l0KFg5HjrsfsO/JpG+r7fRrqm12kzFHyUHqHCVpMMbI=",
        "owner": "numtide",
        "repo": "flake-utils",
        "rev": "11707dc2f618dd54ca8739b309ec4fc024de578b",
        "type": "github"
      },
      "original": {
        "owner": "numtide",
        "repo": "flake-utils",
        "type": "github"
      }
    },
    "flake-utils_2": {
      "inputs": {
        "systems": "systems_2"
      },
      "locked": {
        "lastModified": 1731533236,
        "narHash": "sha256-l0KFg5HjrsfsO/JpG+r7fRrqm12kzFHyUHqHCVpMMbI=",
        "owner": "numtide",
        "repo": "flake-utils",
        "rev": "11707dc2f618dd54ca8739b309ec4fc024de578b",
        "type": "github"
      },
      "original": {
        "owner": "numtide",
        "repo": "flake-utils",
        "type": "github"
      }
    },
    "gradle-dot-nix": {
      "inputs": {
        "nixpkgs": "nixpkgs_4"
      },
      "locked": {
        "lastModified": 1730301489,
        "narHash": "sha256-59k5AuQ+qn3El6AseUmtN0MMadBVzNj0Lmh81MdKavM=",
        "owner": "CrazyChaoz",
        "repo": "gradle-dot-nix",
        "rev": "7c7aef4e7cf60c4fd1922d08b3e710186b741fa8",
        "type": "github"
      },
      "original": {
        "owner": "CrazyChaoz",
        "repo": "gradle-dot-nix",
        "type": "github"
      }
    },
    "nix-filter": {
      "locked": {
        "lastModified": 1731533336,
        "narHash": "sha256-oRam5PS1vcrr5UPgALW0eo1m/5/pls27Z/pabHNy2Ms=",
        "owner": "numtide",
        "repo": "nix-filter",
        "rev": "f7653272fd234696ae94229839a99b73c9ab7de0",
        "type": "github"
      },
      "original": {
        "owner": "numtide",
        "repo": "nix-filter",
        "type": "github"
      }
    },
    "nixpkgs": {
      "locked": {
        "lastModified": 1746232882,
        "narHash": "sha256-MHmBH2rS8KkRRdoU/feC/dKbdlMkcNkB5mwkuipVHeQ=",
        "owner": "NixOS",
        "repo": "nixpkgs",
        "rev": "7a2622e2c0dbad5c4493cb268aba12896e28b008",
        "type": "github"
      },
      "original": {
        "owner": "NixOS",
        "ref": "nixos-unstable",
        "repo": "nixpkgs",
        "type": "github"
      }
    },
    "nixpkgs_2": {
      "locked": {
        "lastModified": 1746328495,
        "narHash": "sha256-uKCfuDs7ZM3QpCE/jnfubTg459CnKnJG/LwqEVEdEiw=",
        "owner": "nixos",
        "repo": "nixpkgs",
        "rev": "979daf34c8cacebcd917d540070b52a3c2b9b16e",
        "type": "github"
      },
      "original": {
        "owner": "nixos",
        "ref": "nixos-unstable",
        "repo": "nixpkgs",
        "type": "github"
      }
    },
    "nixpkgs_3": {
      "locked": {
        "lastModified": 1746332716,
        "narHash": "sha256-VBmKSkmw9PYBCEGhBKzORjx+nwNZkPZyHcUHE21A/ws=",
        "owner": "nixos",
        "repo": "nixpkgs",
        "rev": "6b1c028bce9c89e9824cde040d6986d428296055",
        "type": "github"
      },
      "original": {
        "owner": "nixos",
        "ref": "nixpkgs-unstable",
        "repo": "nixpkgs",
        "type": "github"
      }
    },
    "nixpkgs_4": {
      "locked": {
        "lastModified": 1746332716,
        "narHash": "sha256-VBmKSkmw9PYBCEGhBKzORjx+nwNZkPZyHcUHE21A/ws=",
        "owner": "NixOS",
        "repo": "nixpkgs",
        "rev": "6b1c028bce9c89e9824cde040d6986d428296055",
        "type": "github"
      },
      "original": {
        "id": "nixpkgs",
        "type": "indirect"
      }
    },
    "nixpkgs_5": {
      "locked": {
        "lastModified": 1746449735,
        "narHash": "sha256-/t+xoE2Z+BI4eqUP9taiYpjxnTN4nJXCeJYKkspwK84=",
        "owner": "NixOS",
        "repo": "nixpkgs",
        "rev": "de8b8195105a73dcad8327f90df351bae7a20417",
        "type": "github"
      },
      "original": {
        "owner": "NixOS",
        "repo": "nixpkgs",
        "type": "github"
      }
    },
    "root": {
      "inputs": {
        "android": "android",
        "backend-rust": "backend-rust",
        "flake-utils": "flake-utils_2",
        "gradle-dot-nix": "gradle-dot-nix",
        "nix-filter": "nix-filter",
        "nixpkgs": "nixpkgs_5"
      }
    },
    "rust-analyzer-src": {
      "flake": false,
      "locked": {
        "lastModified": 1746332785,
        "narHash": "sha256-d4/WBcspAR38AMsZysrQsenF1NmZ0/9GhjD4hxvPygo=",
        "owner": "rust-lang",
        "repo": "rust-analyzer",
        "rev": "3b57c001518aeb42511e177221f98ecf42104016",
        "type": "github"
      },
      "original": {
        "owner": "rust-lang",
        "ref": "nightly",
        "repo": "rust-analyzer",
        "type": "github"
      }
    },
    "systems": {
      "locked": {
        "lastModified": 1681028828,
        "narHash": "sha256-Vy1rq5AaRuLzOxct8nz4T6wlgyUR7zLU309k9mBC768=",
        "owner": "nix-systems",
        "repo": "default",
        "rev": "da67096a3b9bf56a91d16901293e51ba5b49a27e",
        "type": "github"
      },
      "original": {
        "owner": "nix-systems",
        "repo": "default",
        "type": "github"
      }
    },
    "systems_2": {
      "locked": {
        "lastModified": 1681028828,
        "narHash": "sha256-Vy1rq5AaRuLzOxct8nz4T6wlgyUR7zLU309k9mBC768=",
        "owner": "nix-systems",
        "repo": "default",
        "rev": "da67096a3b9bf56a91d16901293e51ba5b49a27e",
        "type": "github"
      },
      "original": {
        "owner": "nix-systems",
        "repo": "default",
        "type": "github"
      }
    }
  },
  "root": "root",
  "version": 7
}
